{
  "name": "teste-gerador-br",
  "version": "1.0.0",
  "lockfileVersion": 3,
  "requires": true,
  "packages": {
    "": {
      "name": "teste-gerador-br",
      "version": "1.0.0",
      "license": "MIT",
      "dependencies": {
        "gerador-br": "^1.1.1"
      }
    },
    "node_modules/gerador-br": {
      "version": "1.1.1",
      "resolved": "https://registry.npmjs.org/gerador-br/-/gerador-br-1.1.1.tgz",
      "integrity": "sha512-x7GZxqiQNSvTeg9EEX4l1cY4RGFX4WvVHLyoC9N7zQLAZsfiilTXHq0rFH3Und2q3ElvWlmx+jlHoeGDn/6SEQ=="
    }
  }
}
